
Microsoft Visual Studio Solution File, Format Version 12.00
# Visual Studio 15
VisualStudioVersion = 15.0.28307.1231
MinimumVisualStudioVersion = 10.0.40219.1
Project("{FAE04EC0-301F-11D3-BF4B-00C04F79EFBC}") = "MyConsoleApp", "MyConsoleApp\MyConsoleApp.csproj", "{923065E3-813C-4606-89F0-62E1E7292005}"
EndProject
Global
	GlobalSection(SolutionConfigurationPlatforms) = preSolution
		Debug|Any CPU = Debug|Any CPU
		Release|Any CPU = Release|Any CPU
	EndGlobalSection
	GlobalSection(ProjectConfigurationPlatforms) = postSolution
		{923065E3-813C-4606-89F0-62E1E7292005}.Debug|Any CPU.ActiveCfg = Debug|Any CPU
		{923065E3-813C-4606-89F0-62E1E7292005}.Debug|Any CPU.Build.0 = Debug|Any CPU
		{923065E3-813C-4606-89F0-62E1E7292005}.Release|Any CPU.ActiveCfg = Release|Any CPU
		{923065E3-813C-4606-89F0-62E1E7292005}.Release|Any CPU.Build.0 = Release|Any CPU
	EndGlobalSection
	GlobalSection(SolutionProperties) = preSolution
		HideSolutionNode = FALSE
	EndGlobalSection
	GlobalSection(ExtensibilityGlobals) = postSolution
		SolutionGuid = {A888CD0C-2E93-42A3-A61E-0509F30B8416}
	EndGlobalSection
EndGlobal
